
Microsoft Visual Studio Solution File, Format Version 12.00
# Visual Studio Version 17
VisualStudioVersion = 17.11.35208.52
MinimumVisualStudioVersion = 10.0.40219.1
Project("{2150E333-8FDC-42A3-9474-1A3956D46DE8}") = "src", "src", "{61D76D76-622A-434C-AD8B-ED2F0A89AD16}"
EndProject
Project("{FAE04EC0-301F-11D3-BF4B-00C04F79EFBC}") = "Bookify.Domain", "Bookify.Domain\Bookify.Domain.csproj", "{3E6C2909-B000-4549-BD48-103C68E1218E}"
EndProject
Project("{2150E333-8FDC-42A3-9474-1A3956D46DE8}") = "test", "test", "{7D885AEE-B9F0-4C95-9D66-DB5164EB1C8E}"
EndProject
Project("{FAE04EC0-301F-11D3-BF4B-00C04F79EFBC}") = "Bookify.Application", "Bookify.Application\Bookify.Application.csproj", "{98409DC7-7A57-4C4E-B0FD-D5181692414C}"
	ProjectSection(ProjectDependencies) = postProject
		{3E6C2909-B000-4549-BD48-103C68E1218E} = {3E6C2909-B000-4549-BD48-103C68E1218E}
	EndProjectSection
EndProject
Project("{FAE04EC0-301F-11D3-BF4B-00C04F79EFBC}") = "Bookify.Infrastructure", "Bookify.Infrastructure\Bookify.Infrastructure.csproj", "{77E235E7-C301-4066-8749-E8DCC1A68616}"
EndProject
Project("{FAE04EC0-301F-11D3-BF4B-00C04F79EFBC}") = "Bookify.WebApi", "Bookify.WebApi\Bookify.WebApi.csproj", "{EA6328EF-0CFD-4098-B6B2-0136BAD4A6D9}"
EndProject
Global
	GlobalSection(SolutionConfigurationPlatforms) = preSolution
		Debug|Any CPU = Debug|Any CPU
		Release|Any CPU = Release|Any CPU
	EndGlobalSection
	GlobalSection(ProjectConfigurationPlatforms) = postSolution
		{3E6C2909-B000-4549-BD48-103C68E1218E}.Debug|Any CPU.ActiveCfg = Debug|Any CPU
		{3E6C2909-B000-4549-BD48-103C68E1218E}.Debug|Any CPU.Build.0 = Debug|Any CPU
		{3E6C2909-B000-4549-BD48-103C68E1218E}.Release|Any CPU.ActiveCfg = Release|Any CPU
		{3E6C2909-B000-4549-BD48-103C68E1218E}.Release|Any CPU.Build.0 = Release|Any CPU
		{98409DC7-7A57-4C4E-B0FD-D5181692414C}.Debug|Any CPU.ActiveCfg = Debug|Any CPU
		{98409DC7-7A57-4C4E-B0FD-D5181692414C}.Debug|Any CPU.Build.0 = Debug|Any CPU
		{98409DC7-7A57-4C4E-B0FD-D5181692414C}.Release|Any CPU.ActiveCfg = Release|Any CPU
		{98409DC7-7A57-4C4E-B0FD-D5181692414C}.Release|Any CPU.Build.0 = Release|Any CPU
		{77E235E7-C301-4066-8749-E8DCC1A68616}.Debug|Any CPU.ActiveCfg = Debug|Any CPU
		{77E235E7-C301-4066-8749-E8DCC1A68616}.Debug|Any CPU.Build.0 = Debug|Any CPU
		{77E235E7-C301-4066-8749-E8DCC1A68616}.Release|Any CPU.ActiveCfg = Release|Any CPU
		{77E235E7-C301-4066-8749-E8DCC1A68616}.Release|Any CPU.Build.0 = Release|Any CPU
		{EA6328EF-0CFD-4098-B6B2-0136BAD4A6D9}.Debug|Any CPU.ActiveCfg = Debug|Any CPU
		{EA6328EF-0CFD-4098-B6B2-0136BAD4A6D9}.Debug|Any CPU.Build.0 = Debug|Any CPU
		{EA6328EF-0CFD-4098-B6B2-0136BAD4A6D9}.Release|Any CPU.ActiveCfg = Release|Any CPU
		{EA6328EF-0CFD-4098-B6B2-0136BAD4A6D9}.Release|Any CPU.Build.0 = Release|Any CPU
	EndGlobalSection
	GlobalSection(SolutionProperties) = preSolution
		HideSolutionNode = FALSE
	EndGlobalSection
	GlobalSection(NestedProjects) = preSolution
		{3E6C2909-B000-4549-BD48-103C68E1218E} = {61D76D76-622A-434C-AD8B-ED2F0A89AD16}
		{98409DC7-7A57-4C4E-B0FD-D5181692414C} = {61D76D76-622A-434C-AD8B-ED2F0A89AD16}
		{77E235E7-C301-4066-8749-E8DCC1A68616} = {61D76D76-622A-434C-AD8B-ED2F0A89AD16}
		{EA6328EF-0CFD-4098-B6B2-0136BAD4A6D9} = {61D76D76-622A-434C-AD8B-ED2F0A89AD16}
	EndGlobalSection
	GlobalSection(ExtensibilityGlobals) = postSolution
		SolutionGuid = {2821AD90-EE80-43E0-AB51-2D82635AD394}
	EndGlobalSection
EndGlobal
